
Microsoft Visual Studio Solution File, Format Version 12.00
# Visual Studio Version 17
VisualStudioVersion = 17.5.33502.453
MinimumVisualStudioVersion = 10.0.40219.1
Project("{FAE04EC0-301F-11D3-BF4B-00C04F79EFBC}") = "LabsPsutiProgramLB", "LabsPsutiProgramLB\LabsPsutiProgramLB.csproj", "{67D1092C-0652-4FD4-B019-C53C10F6ABE1}"
EndProject
Project("{FAE04EC0-301F-11D3-BF4B-00C04F79EFBC}") = "LabsPsutiProgrammLB2", "LabsPsutiProgrammLB2\LabsPsutiProgrammLB2.csproj", "{D72DDB61-711E-419F-9CC5-74A0E3C624CC}"
EndProject
Global
	GlobalSection(SolutionConfigurationPlatforms) = preSolution
		Debug|Any CPU = Debug|Any CPU
		Release|Any CPU = Release|Any CPU
	EndGlobalSection
	GlobalSection(ProjectConfigurationPlatforms) = postSolution
		{67D1092C-0652-4FD4-B019-C53C10F6ABE1}.Debug|Any CPU.ActiveCfg = Debug|Any CPU
		{67D1092C-0652-4FD4-B019-C53C10F6ABE1}.Debug|Any CPU.Build.0 = Debug|Any CPU
		{67D1092C-0652-4FD4-B019-C53C10F6ABE1}.Release|Any CPU.ActiveCfg = Release|Any CPU
		{67D1092C-0652-4FD4-B019-C53C10F6ABE1}.Release|Any CPU.Build.0 = Release|Any CPU
		{D72DDB61-711E-419F-9CC5-74A0E3C624CC}.Debug|Any CPU.ActiveCfg = Debug|Any CPU
		{D72DDB61-711E-419F-9CC5-74A0E3C624CC}.Debug|Any CPU.Build.0 = Debug|Any CPU
		{D72DDB61-711E-419F-9CC5-74A0E3C624CC}.Release|Any CPU.ActiveCfg = Release|Any CPU
		{D72DDB61-711E-419F-9CC5-74A0E3C624CC}.Release|Any CPU.Build.0 = Release|Any CPU
	EndGlobalSection
	GlobalSection(SolutionProperties) = preSolution
		HideSolutionNode = FALSE
	EndGlobalSection
	GlobalSection(ExtensibilityGlobals) = postSolution
		SolutionGuid = {815A17EC-8942-4F4A-9A02-B6A097BE5D6C}
	EndGlobalSection
EndGlobal
